Microsoft Visual Studio Solution File, Format Version 7.00
Project("{FAE04EC0-301F-11D3-BF4B-00C04F79EFBC}") = "netz", "netz.csproj", "{420A7C3C-143F-4D0A-A5C4-763B2F742D47}"
EndProject
Global
	GlobalSection(SolutionConfiguration) = preSolution
		ConfigName.0 = Debug
		ConfigName.1 = Release
	EndGlobalSection
	GlobalSection(ProjectDependencies) = postSolution
	EndGlobalSection
	GlobalSection(ProjectConfiguration) = postSolution
		{420A7C3C-143F-4D0A-A5C4-763B2F742D47}.Debug.ActiveCfg = Debug|.NET
		{420A7C3C-143F-4D0A-A5C4-763B2F742D47}.Debug.Build.0 = Debug|.NET
		{420A7C3C-143F-4D0A-A5C4-763B2F742D47}.Release.ActiveCfg = Release|.NET
		{420A7C3C-143F-4D0A-A5C4-763B2F742D47}.Release.Build.0 = Release|.NET
	EndGlobalSection
	GlobalSection(ExtensibilityGlobals) = postSolution
	EndGlobalSection
	GlobalSection(ExtensibilityAddIns) = postSolution
	EndGlobalSection
EndGlobal
